
Microsoft Visual Studio Solution File, Format Version 12.00
# Visual Studio Version 17
VisualStudioVersion = 17.3.32922.545
MinimumVisualStudioVersion = 10.0.40219.1
Project("{FAE04EC0-301F-11D3-BF4B-00C04F79EFBC}") = "ClassManagement", "ClassManagement.csproj", "{7DCCF706-159B-4122-AB56-92C9FA4E007B}"
EndProject
Global
	GlobalSection(SolutionConfigurationPlatforms) = preSolution
		Debug|Any CPU = Debug|Any CPU
		Release|Any CPU = Release|Any CPU
	EndGlobalSection
	GlobalSection(ProjectConfigurationPlatforms) = postSolution
		{7DCCF706-159B-4122-AB56-92C9FA4E007B}.Debug|Any CPU.ActiveCfg = Debug|Any CPU
		{7DCCF706-159B-4122-AB56-92C9FA4E007B}.Debug|Any CPU.Build.0 = Debug|Any CPU
		{7DCCF706-159B-4122-AB56-92C9FA4E007B}.Release|Any CPU.ActiveCfg = Debug|Any CPU
		{7DCCF706-159B-4122-AB56-92C9FA4E007B}.Release|Any CPU.Build.0 = Debug|Any CPU
	EndGlobalSection
	GlobalSection(SolutionProperties) = preSolution
		HideSolutionNode = FALSE
	EndGlobalSection
	GlobalSection(ExtensibilityGlobals) = postSolution
		SolutionGuid = {455D2708-D5F6-40CD-AEB3-E7C6909714E6}
	EndGlobalSection
EndGlobal
